
Microsoft Visual Studio Solution File, Format Version 12.00
# Visual Studio 14
VisualStudioVersion = 14.0.24720.0
MinimumVisualStudioVersion = 10.0.40219.1
Project("{FAE04EC0-301F-11D3-BF4B-00C04F79EFBC}") = "FindIndexProblem", "FindIndexProblem\FindIndexProblem.csproj", "{A9A890EA-9A01-4DBC-BA26-8F7EB71A4AE3}"
EndProject
Project("{FAE04EC0-301F-11D3-BF4B-00C04F79EFBC}") = "FindIndexProblem.Test", "FindIndexProblem.Test\FindIndexProblem.Test.csproj", "{571539FC-D4C5-4E2D-AF54-5603FC08EEB3}"
	ProjectSection(ProjectDependencies) = postProject
		{A9A890EA-9A01-4DBC-BA26-8F7EB71A4AE3} = {A9A890EA-9A01-4DBC-BA26-8F7EB71A4AE3}
	EndProjectSection
EndProject
Global
	GlobalSection(SolutionConfigurationPlatforms) = preSolution
		Debug|Any CPU = Debug|Any CPU
		Release|Any CPU = Release|Any CPU
	EndGlobalSection
	GlobalSection(ProjectConfigurationPlatforms) = postSolution
		{A9A890EA-9A01-4DBC-BA26-8F7EB71A4AE3}.Debug|Any CPU.ActiveCfg = Debug|Any CPU
		{A9A890EA-9A01-4DBC-BA26-8F7EB71A4AE3}.Debug|Any CPU.Build.0 = Debug|Any CPU
		{A9A890EA-9A01-4DBC-BA26-8F7EB71A4AE3}.Release|Any CPU.ActiveCfg = Release|Any CPU
		{A9A890EA-9A01-4DBC-BA26-8F7EB71A4AE3}.Release|Any CPU.Build.0 = Release|Any CPU
		{571539FC-D4C5-4E2D-AF54-5603FC08EEB3}.Debug|Any CPU.ActiveCfg = Debug|Any CPU
		{571539FC-D4C5-4E2D-AF54-5603FC08EEB3}.Debug|Any CPU.Build.0 = Debug|Any CPU
		{571539FC-D4C5-4E2D-AF54-5603FC08EEB3}.Release|Any CPU.ActiveCfg = Release|Any CPU
		{571539FC-D4C5-4E2D-AF54-5603FC08EEB3}.Release|Any CPU.Build.0 = Release|Any CPU
	EndGlobalSection
	GlobalSection(SolutionProperties) = preSolution
		HideSolutionNode = FALSE
	EndGlobalSection
EndGlobal
